
Microsoft Visual Studio Solution File, Format Version 12.00
# Visual Studio 15
VisualStudioVersion = 15.0.28010.2048
MinimumVisualStudioVersion = 10.0.40219.1
Project("{FAE04EC0-301F-11D3-BF4B-00C04F79EFBC}") = "AntiPlaneWuBot", "AntiPlaneWuBot\AntiPlaneWuBot.csproj", "{31736DBE-F729-4413-86D6-B8A0A37461BF}"
EndProject
Global
	GlobalSection(SolutionConfigurationPlatforms) = preSolution
		Debug|Any CPU = Debug|Any CPU
		Release|Any CPU = Release|Any CPU
	EndGlobalSection
	GlobalSection(ProjectConfigurationPlatforms) = postSolution
		{31736DBE-F729-4413-86D6-B8A0A37461BF}.Debug|Any CPU.ActiveCfg = Debug|Any CPU
		{31736DBE-F729-4413-86D6-B8A0A37461BF}.Debug|Any CPU.Build.0 = Debug|Any CPU
		{31736DBE-F729-4413-86D6-B8A0A37461BF}.Release|Any CPU.ActiveCfg = Release|Any CPU
		{31736DBE-F729-4413-86D6-B8A0A37461BF}.Release|Any CPU.Build.0 = Release|Any CPU
	EndGlobalSection
	GlobalSection(SolutionProperties) = preSolution
		HideSolutionNode = FALSE
	EndGlobalSection
	GlobalSection(ExtensibilityGlobals) = postSolution
		SolutionGuid = {CBA96F0F-EA3A-4F41-9510-E8C30CBD24DA}
	EndGlobalSection
	GlobalSection(TeamFoundationVersionControl) = preSolution
		SccNumberOfProjects = 2
		SccEnterpriseProvider = {4CA58AB2-18FA-4F8D-95D4-32DDF27D184C}
		SccTeamFoundationServer = https://vsts.dreamry.org/defaultcollection
		SccLocalPath0 = .
		SccProjectUniqueName1 = AntiPlaneWuBot\\AntiPlaneWuBot.csproj
		SccProjectName1 = AntiPlaneWuBot
		SccLocalPath1 = AntiPlaneWuBot
	EndGlobalSection
EndGlobal
